
Microsoft Visual Studio Solution File, Format Version 12.00
# Visual Studio 14
VisualStudioVersion = 14.0.23107.0
MinimumVisualStudioVersion = 10.0.40219.1
Project("{FAE04EC0-301F-11D3-BF4B-00C04F79EFBC}") = "OpenLisp.Core", "OpenLisp.Core\OpenLisp.Core.csproj", "{296028DC-C3F3-4296-A6DF-2851BC066620}"
EndProject
Project("{2150E333-8FDC-42A3-9474-1A3956D46DE8}") = "Solution Items", "Solution Items", "{F7247D5C-6FD5-41D9-AF11-BD41BDFF3F57}"
	ProjectSection(SolutionItems) = preProject
		LICENSE.txt = LICENSE.txt
		README.txt = README.txt
	EndProjectSection
EndProject
Project("{FAE04EC0-301F-11D3-BF4B-00C04F79EFBC}") = "OpenLisp.Core.Tests", "OpenLisp.Core.Tests\OpenLisp.Core.Tests.csproj", "{2151F2D0-BEB7-48A4-9D2C-551AF64DECD9}"
EndProject
Project("{FAE04EC0-301F-11D3-BF4B-00C04F79EFBC}") = "OpenLisp.Terminal", "OpenLisp.Terminal\OpenLisp.Terminal.csproj", "{66E6CA76-71EC-481C-B92E-F56CD284A72D}"
EndProject
Global
	GlobalSection(SolutionConfigurationPlatforms) = preSolution
		Debug|Any CPU = Debug|Any CPU
		Debug|ARM = Debug|ARM
		Debug|x64 = Debug|x64
		Debug|x86 = Debug|x86
		Release|Any CPU = Release|Any CPU
		Release|ARM = Release|ARM
		Release|x64 = Release|x64
		Release|x86 = Release|x86
	EndGlobalSection
	GlobalSection(ProjectConfigurationPlatforms) = postSolution
		{296028DC-C3F3-4296-A6DF-2851BC066620}.Debug|Any CPU.ActiveCfg = Debug|Any CPU
		{296028DC-C3F3-4296-A6DF-2851BC066620}.Debug|Any CPU.Build.0 = Debug|Any CPU
		{296028DC-C3F3-4296-A6DF-2851BC066620}.Debug|ARM.ActiveCfg = Debug|Any CPU
		{296028DC-C3F3-4296-A6DF-2851BC066620}.Debug|ARM.Build.0 = Debug|Any CPU
		{296028DC-C3F3-4296-A6DF-2851BC066620}.Debug|x64.ActiveCfg = Debug|Any CPU
		{296028DC-C3F3-4296-A6DF-2851BC066620}.Debug|x64.Build.0 = Debug|Any CPU
		{296028DC-C3F3-4296-A6DF-2851BC066620}.Debug|x86.ActiveCfg = Debug|Any CPU
		{296028DC-C3F3-4296-A6DF-2851BC066620}.Debug|x86.Build.0 = Debug|Any CPU
		{296028DC-C3F3-4296-A6DF-2851BC066620}.Release|Any CPU.ActiveCfg = Release|Any CPU
		{296028DC-C3F3-4296-A6DF-2851BC066620}.Release|Any CPU.Build.0 = Release|Any CPU
		{296028DC-C3F3-4296-A6DF-2851BC066620}.Release|ARM.ActiveCfg = Release|Any CPU
		{296028DC-C3F3-4296-A6DF-2851BC066620}.Release|ARM.Build.0 = Release|Any CPU
		{296028DC-C3F3-4296-A6DF-2851BC066620}.Release|x64.ActiveCfg = Release|Any CPU
		{296028DC-C3F3-4296-A6DF-2851BC066620}.Release|x64.Build.0 = Release|Any CPU
		{296028DC-C3F3-4296-A6DF-2851BC066620}.Release|x86.ActiveCfg = Release|Any CPU
		{296028DC-C3F3-4296-A6DF-2851BC066620}.Release|x86.Build.0 = Release|Any CPU
		{2151F2D0-BEB7-48A4-9D2C-551AF64DECD9}.Debug|Any CPU.ActiveCfg = Debug|Any CPU
		{2151F2D0-BEB7-48A4-9D2C-551AF64DECD9}.Debug|Any CPU.Build.0 = Debug|Any CPU
		{2151F2D0-BEB7-48A4-9D2C-551AF64DECD9}.Debug|ARM.ActiveCfg = Debug|Any CPU
		{2151F2D0-BEB7-48A4-9D2C-551AF64DECD9}.Debug|ARM.Build.0 = Debug|Any CPU
		{2151F2D0-BEB7-48A4-9D2C-551AF64DECD9}.Debug|x64.ActiveCfg = Debug|Any CPU
		{2151F2D0-BEB7-48A4-9D2C-551AF64DECD9}.Debug|x64.Build.0 = Debug|Any CPU
		{2151F2D0-BEB7-48A4-9D2C-551AF64DECD9}.Debug|x86.ActiveCfg = Debug|Any CPU
		{2151F2D0-BEB7-48A4-9D2C-551AF64DECD9}.Debug|x86.Build.0 = Debug|Any CPU
		{2151F2D0-BEB7-48A4-9D2C-551AF64DECD9}.Release|Any CPU.ActiveCfg = Release|Any CPU
		{2151F2D0-BEB7-48A4-9D2C-551AF64DECD9}.Release|Any CPU.Build.0 = Release|Any CPU
		{2151F2D0-BEB7-48A4-9D2C-551AF64DECD9}.Release|ARM.ActiveCfg = Release|Any CPU
		{2151F2D0-BEB7-48A4-9D2C-551AF64DECD9}.Release|ARM.Build.0 = Release|Any CPU
		{2151F2D0-BEB7-48A4-9D2C-551AF64DECD9}.Release|x64.ActiveCfg = Release|Any CPU
		{2151F2D0-BEB7-48A4-9D2C-551AF64DECD9}.Release|x64.Build.0 = Release|Any CPU
		{2151F2D0-BEB7-48A4-9D2C-551AF64DECD9}.Release|x86.ActiveCfg = Release|Any CPU
		{2151F2D0-BEB7-48A4-9D2C-551AF64DECD9}.Release|x86.Build.0 = Release|Any CPU
		{66E6CA76-71EC-481C-B92E-F56CD284A72D}.Debug|Any CPU.ActiveCfg = Debug|Any CPU
		{66E6CA76-71EC-481C-B92E-F56CD284A72D}.Debug|Any CPU.Build.0 = Debug|Any CPU
		{66E6CA76-71EC-481C-B92E-F56CD284A72D}.Debug|ARM.ActiveCfg = Debug|Any CPU
		{66E6CA76-71EC-481C-B92E-F56CD284A72D}.Debug|ARM.Build.0 = Debug|Any CPU
		{66E6CA76-71EC-481C-B92E-F56CD284A72D}.Debug|x64.ActiveCfg = Debug|Any CPU
		{66E6CA76-71EC-481C-B92E-F56CD284A72D}.Debug|x64.Build.0 = Debug|Any CPU
		{66E6CA76-71EC-481C-B92E-F56CD284A72D}.Debug|x86.ActiveCfg = Debug|Any CPU
		{66E6CA76-71EC-481C-B92E-F56CD284A72D}.Debug|x86.Build.0 = Debug|Any CPU
		{66E6CA76-71EC-481C-B92E-F56CD284A72D}.Release|Any CPU.ActiveCfg = Release|Any CPU
		{66E6CA76-71EC-481C-B92E-F56CD284A72D}.Release|Any CPU.Build.0 = Release|Any CPU
		{66E6CA76-71EC-481C-B92E-F56CD284A72D}.Release|ARM.ActiveCfg = Release|Any CPU
		{66E6CA76-71EC-481C-B92E-F56CD284A72D}.Release|ARM.Build.0 = Release|Any CPU
		{66E6CA76-71EC-481C-B92E-F56CD284A72D}.Release|x64.ActiveCfg = Release|Any CPU
		{66E6CA76-71EC-481C-B92E-F56CD284A72D}.Release|x64.Build.0 = Release|Any CPU
		{66E6CA76-71EC-481C-B92E-F56CD284A72D}.Release|x86.ActiveCfg = Release|Any CPU
		{66E6CA76-71EC-481C-B92E-F56CD284A72D}.Release|x86.Build.0 = Release|Any CPU
	EndGlobalSection
	GlobalSection(SolutionProperties) = preSolution
		HideSolutionNode = FALSE
	EndGlobalSection
EndGlobal
