
Microsoft Visual Studio Solution File, Format Version 12.00
# Visual Studio 15
Project("{FAE04EC0-301F-11D3-BF4B-00C04F79EFBC}") = "OpenLisp.Games.Unity", "OpenLisp.Games.Unity.csproj", "{7D369568-1B2F-FBC0-29B1-CA3882AEA3DF}"
EndProject
Project("{FAE04EC0-301F-11D3-BF4B-00C04F79EFBC}") = "OpenLisp.Games.Unity", "OpenLisp.Games.Unity.Player.csproj", "{BB56661B-1335-2D5A-8330-E15AC1A970B6}"
EndProject
Project("{FAE04EC0-301F-11D3-BF4B-00C04F79EFBC}") = "OpenLisp.Core", "..\OpenLisp.Core\OpenLisp.Core.csproj", "{296028DC-C3F3-4296-A6DF-2851BC066620}"
EndProject
Project("{FAE04EC0-301F-11D3-BF4B-00C04F79EFBC}") = "OpenLisp.Repl", "..\OpenLisp.Repl\OpenLisp.Repl.csproj", "{648A6B9E-B246-4E70-93C8-4483D0B91435}"
EndProject
Project("{FAE04EC0-301F-11D3-BF4B-00C04F79EFBC}") = "OpenLisp.Terminal", "..\OpenLisp.Terminal\OpenLisp.Terminal.csproj", "{66E6CA76-71EC-481C-B92E-F56CD284A72D}"
EndProject
Global
	GlobalSection(SolutionConfigurationPlatforms) = preSolution
		Debug|Any CPU = Debug|Any CPU
		Release|Any CPU = Release|Any CPU
	EndGlobalSection
	GlobalSection(ProjectConfigurationPlatforms) = postSolution
		{7D369568-1B2F-FBC0-29B1-CA3882AEA3DF}.Debug|Any CPU.ActiveCfg = Debug|Any CPU
		{7D369568-1B2F-FBC0-29B1-CA3882AEA3DF}.Debug|Any CPU.Build.0 = Debug|Any CPU
		{7D369568-1B2F-FBC0-29B1-CA3882AEA3DF}.Release|Any CPU.ActiveCfg = Release|Any CPU
		{7D369568-1B2F-FBC0-29B1-CA3882AEA3DF}.Release|Any CPU.Build.0 = Release|Any CPU
		{BB56661B-1335-2D5A-8330-E15AC1A970B6}.Debug|Any CPU.ActiveCfg = Debug|Any CPU
		{BB56661B-1335-2D5A-8330-E15AC1A970B6}.Debug|Any CPU.Build.0 = Debug|Any CPU
		{BB56661B-1335-2D5A-8330-E15AC1A970B6}.Release|Any CPU.ActiveCfg = Release|Any CPU
		{BB56661B-1335-2D5A-8330-E15AC1A970B6}.Release|Any CPU.Build.0 = Release|Any CPU
		{296028DC-C3F3-4296-A6DF-2851BC066620}.Debug|Any CPU.ActiveCfg = Debug|Any CPU
		{296028DC-C3F3-4296-A6DF-2851BC066620}.Debug|Any CPU.Build.0 = Debug|Any CPU
		{296028DC-C3F3-4296-A6DF-2851BC066620}.Release|Any CPU.ActiveCfg = Release|Any CPU
		{296028DC-C3F3-4296-A6DF-2851BC066620}.Release|Any CPU.Build.0 = Release|Any CPU
		{648A6B9E-B246-4E70-93C8-4483D0B91435}.Debug|Any CPU.ActiveCfg = Debug|Any CPU
		{648A6B9E-B246-4E70-93C8-4483D0B91435}.Debug|Any CPU.Build.0 = Debug|Any CPU
		{648A6B9E-B246-4E70-93C8-4483D0B91435}.Release|Any CPU.ActiveCfg = Release|Any CPU
		{648A6B9E-B246-4E70-93C8-4483D0B91435}.Release|Any CPU.Build.0 = Release|Any CPU
		{66E6CA76-71EC-481C-B92E-F56CD284A72D}.Debug|Any CPU.ActiveCfg = Debug|Any CPU
		{66E6CA76-71EC-481C-B92E-F56CD284A72D}.Debug|Any CPU.Build.0 = Debug|Any CPU
		{66E6CA76-71EC-481C-B92E-F56CD284A72D}.Release|Any CPU.ActiveCfg = Release|Any CPU
		{66E6CA76-71EC-481C-B92E-F56CD284A72D}.Release|Any CPU.Build.0 = Release|Any CPU
	EndGlobalSection
	GlobalSection(SolutionProperties) = preSolution
		HideSolutionNode = FALSE
	EndGlobalSection
EndGlobal
